
Microsoft Visual Studio Solution File, Format Version 12.00
# Visual Studio Version 17
VisualStudioVersion = 17.2.32616.157
MinimumVisualStudioVersion = 10.0.40219.1
Project("{9A19103F-16F7-4668-BE54-9A1E7A4F7556}") = "Single_Responsibility_Principle", "Single_Responsibility_Principle\Single_Responsibility_Principle.csproj", "{D0C7E7FE-5E84-4C3B-B538-C034691F5B9C}"
EndProject
Project("{2150E333-8FDC-42A3-9474-1A3956D46DE8}") = "1. Single Responsibility Principle", "1. Single Responsibility Principle", "{3DC90601-AA3A-40BD-807E-7814C75EBBCC}"
EndProject
Project("{2150E333-8FDC-42A3-9474-1A3956D46DE8}") = "2. Open-Closed Principles", "2. Open-Closed Principles", "{4CC8EF2E-4B23-48B4-A886-835FE951FE84}"
EndProject
Project("{9A19103F-16F7-4668-BE54-9A1E7A4F7556}") = "OpenClosed_Principle", "OpenClosed_Principle\OpenClosed_Principle.csproj", "{993C8A27-EA4C-45F0-B776-4ADFF0F5B4B5}"
EndProject
Project("{2150E333-8FDC-42A3-9474-1A3956D46DE8}") = "3. Liskov Substitution Principle", "3. Liskov Substitution Principle", "{32949780-F06F-4762-AE82-50E3ADD0F587}"
EndProject
Project("{FAE04EC0-301F-11D3-BF4B-00C04F79EFBC}") = "Liskov_Substitution_Principle", "Liskov_Substitution_Principle\Liskov_Substitution_Principle.csproj", "{A6C11771-00FB-4253-8670-4D433DE368B4}"
EndProject
Global
	GlobalSection(SolutionConfigurationPlatforms) = preSolution
		Debug|Any CPU = Debug|Any CPU
		Release|Any CPU = Release|Any CPU
	EndGlobalSection
	GlobalSection(ProjectConfigurationPlatforms) = postSolution
		{D0C7E7FE-5E84-4C3B-B538-C034691F5B9C}.Debug|Any CPU.ActiveCfg = Debug|Any CPU
		{D0C7E7FE-5E84-4C3B-B538-C034691F5B9C}.Debug|Any CPU.Build.0 = Debug|Any CPU
		{D0C7E7FE-5E84-4C3B-B538-C034691F5B9C}.Release|Any CPU.ActiveCfg = Release|Any CPU
		{D0C7E7FE-5E84-4C3B-B538-C034691F5B9C}.Release|Any CPU.Build.0 = Release|Any CPU
		{993C8A27-EA4C-45F0-B776-4ADFF0F5B4B5}.Debug|Any CPU.ActiveCfg = Debug|Any CPU
		{993C8A27-EA4C-45F0-B776-4ADFF0F5B4B5}.Debug|Any CPU.Build.0 = Debug|Any CPU
		{993C8A27-EA4C-45F0-B776-4ADFF0F5B4B5}.Release|Any CPU.ActiveCfg = Release|Any CPU
		{993C8A27-EA4C-45F0-B776-4ADFF0F5B4B5}.Release|Any CPU.Build.0 = Release|Any CPU
		{A6C11771-00FB-4253-8670-4D433DE368B4}.Debug|Any CPU.ActiveCfg = Debug|Any CPU
		{A6C11771-00FB-4253-8670-4D433DE368B4}.Debug|Any CPU.Build.0 = Debug|Any CPU
		{A6C11771-00FB-4253-8670-4D433DE368B4}.Release|Any CPU.ActiveCfg = Release|Any CPU
		{A6C11771-00FB-4253-8670-4D433DE368B4}.Release|Any CPU.Build.0 = Release|Any CPU
	EndGlobalSection
	GlobalSection(SolutionProperties) = preSolution
		HideSolutionNode = FALSE
	EndGlobalSection
	GlobalSection(NestedProjects) = preSolution
		{D0C7E7FE-5E84-4C3B-B538-C034691F5B9C} = {3DC90601-AA3A-40BD-807E-7814C75EBBCC}
		{993C8A27-EA4C-45F0-B776-4ADFF0F5B4B5} = {4CC8EF2E-4B23-48B4-A886-835FE951FE84}
		{A6C11771-00FB-4253-8670-4D433DE368B4} = {32949780-F06F-4762-AE82-50E3ADD0F587}
	EndGlobalSection
	GlobalSection(ExtensibilityGlobals) = postSolution
		SolutionGuid = {091EE158-71B5-449D-8DCF-FEB997294625}
	EndGlobalSection
EndGlobal
